// !$*UTF8*$!
{
	archiveVersion = 1;
	classes = {
	};
	objectVersion = 56;
	objects = {

/* Begin PBXBuildFile section */
		E0008C042BF8CFF90091B10F /* AppetizerListCell.swift in Sources */ = {isa = PBXBuildFile; fileRef = E0008C032BF8CFF90091B10F /* AppetizerListCell.swift */; };
		E0008C062BF8D2590091B10F /* Double+AppetizerHub.swift in Sources */ = {isa = PBXBuildFile; fileRef = E0008C052BF8D2590091B10F /* Double+AppetizerHub.swift */; };
		E0008C082BF942FA0091B10F /* NetworkManager.swift in Sources */ = {isa = PBXBuildFile; fileRef = E0008C072BF942FA0091B10F /* NetworkManager.swift */; };
		E0008C0A2BF9440F0091B10F /* APError.swift in Sources */ = {isa = PBXBuildFile; fileRef = E0008C092BF9440F0091B10F /* APError.swift */; };
		E0008C0E2BFA385A0091B10F /* AppetizerListViewModel.swift in Sources */ = {isa = PBXBuildFile; fileRef = E0008C0D2BFA385A0091B10F /* AppetizerListViewModel.swift */; };
		E0008C122BFBCE920091B10F /* APAlert.swift in Sources */ = {isa = PBXBuildFile; fileRef = E0008C112BFBCE920091B10F /* APAlert.swift */; };
		E0008C142BFC05090091B10F /* LoadingView.swift in Sources */ = {isa = PBXBuildFile; fileRef = E0008C132BFC05090091B10F /* LoadingView.swift */; };
		E0008C182BFC10840091B10F /* Image+AppetizerHub.swift in Sources */ = {isa = PBXBuildFile; fileRef = E0008C172BFC10840091B10F /* Image+AppetizerHub.swift */; };
		E0008C1D2BFD189E0091B10F /* AppetizerDetailsView.swift in Sources */ = {isa = PBXBuildFile; fileRef = E0008C1C2BFD189E0091B10F /* AppetizerDetailsView.swift */; };
		E0008C202BFD29A90091B10F /* NutritionStatStack.swift in Sources */ = {isa = PBXBuildFile; fileRef = E0008C1F2BFD29A90091B10F /* NutritionStatStack.swift */; };
		E0008C252BFD6F090091B10F /* XDismissButton.swift in Sources */ = {isa = PBXBuildFile; fileRef = E0008C242BFD6F090091B10F /* XDismissButton.swift */; };
		E0008C272BFD70CA0091B10F /* PrimaryButtonView.swift in Sources */ = {isa = PBXBuildFile; fileRef = E0008C262BFD70CA0091B10F /* PrimaryButtonView.swift */; };
		E0008C2C2C0119F70091B10F /* AccountViewModel.swift in Sources */ = {isa = PBXBuildFile; fileRef = E0008C2B2C0119F70091B10F /* AccountViewModel.swift */; };
		E0008C2E2C011D920091B10F /* String+AppetizerHub.swift in Sources */ = {isa = PBXBuildFile; fileRef = E0008C2D2C011D920091B10F /* String+AppetizerHub.swift */; };
		E0008C322C024B790091B10F /* APSuccess.swift in Sources */ = {isa = PBXBuildFile; fileRef = E0008C312C024B790091B10F /* APSuccess.swift */; };
		E0008C342C024D4F0091B10F /* User.swift in Sources */ = {isa = PBXBuildFile; fileRef = E0008C332C024D4F0091B10F /* User.swift */; };
		E0008C382C03727A0091B10F /* OrderViewModel.swift in Sources */ = {isa = PBXBuildFile; fileRef = E0008C372C03727A0091B10F /* OrderViewModel.swift */; };
		E0008C3A2C0385E70091B10F /* EmptyStateView.swift in Sources */ = {isa = PBXBuildFile; fileRef = E0008C392C0385E70091B10F /* EmptyStateView.swift */; };
		E064D8842BF7E3A900438211 /* AppetizerHubApp.swift in Sources */ = {isa = PBXBuildFile; fileRef = E064D8832BF7E3A900438211 /* AppetizerHubApp.swift */; };
		E064D8862BF7E3A900438211 /* AppetizerTabView.swift in Sources */ = {isa = PBXBuildFile; fileRef = E064D8852BF7E3A900438211 /* AppetizerTabView.swift */; };
		E064D8882BF7E3AB00438211 /* Assets.xcassets in Resources */ = {isa = PBXBuildFile; fileRef = E064D8872BF7E3AB00438211 /* Assets.xcassets */; };
		E064D88B2BF7E3AB00438211 /* Preview Assets.xcassets in Resources */ = {isa = PBXBuildFile; fileRef = E064D88A2BF7E3AB00438211 /* Preview Assets.xcassets */; };
		E064D8922BF7E4A300438211 /* AppetizerListView.swift in Sources */ = {isa = PBXBuildFile; fileRef = E064D8912BF7E4A300438211 /* AppetizerListView.swift */; };
		E064D8942BF7E4AA00438211 /* AccountView.swift in Sources */ = {isa = PBXBuildFile; fileRef = E064D8932BF7E4AA00438211 /* AccountView.swift */; };
		E064D8962BF7E4B900438211 /* OrderView.swift in Sources */ = {isa = PBXBuildFile; fileRef = E064D8952BF7E4B900438211 /* OrderView.swift */; };
		E064D8A32BF7EDB000438211 /* Appetizer.swift in Sources */ = {isa = PBXBuildFile; fileRef = E064D8A22BF7EDB000438211 /* Appetizer.swift */; };
		E064D8A52BF7EF2B00438211 /* AppetizerResponse.swift in Sources */ = {isa = PBXBuildFile; fileRef = E064D8A42BF7EF2B00438211 /* AppetizerResponse.swift */; };
		E064D8A72BF7EFA400438211 /* MockData.swift in Sources */ = {isa = PBXBuildFile; fileRef = E064D8A62BF7EFA400438211 /* MockData.swift */; };
/* End PBXBuildFile section */

/* Begin PBXFileReference section */
		E0008C032BF8CFF90091B10F /* AppetizerListCell.swift */ = {isa = PBXFileReference; lastKnownFileType = sourcecode.swift; path = AppetizerListCell.swift; sourceTree = "<group>"; };
		E0008C052BF8D2590091B10F /* Double+AppetizerHub.swift */ = {isa = PBXFileReference; lastKnownFileType = sourcecode.swift; path = "Double+AppetizerHub.swift"; sourceTree = "<group>"; };
		E0008C072BF942FA0091B10F /* NetworkManager.swift */ = {isa = PBXFileReference; lastKnownFileType = sourcecode.swift; path = NetworkManager.swift; sourceTree = "<group>"; };
		E0008C092BF9440F0091B10F /* APError.swift */ = {isa = PBXFileReference; lastKnownFileType = sourcecode.swift; path = APError.swift; sourceTree = "<group>"; };
		E0008C0D2BFA385A0091B10F /* AppetizerListViewModel.swift */ = {isa = PBXFileReference; lastKnownFileType = sourcecode.swift; path = AppetizerListViewModel.swift; sourceTree = "<group>"; };
		E0008C112BFBCE920091B10F /* APAlert.swift */ = {isa = PBXFileReference; lastKnownFileType = sourcecode.swift; path = APAlert.swift; sourceTree = "<group>"; };
		E0008C132BFC05090091B10F /* LoadingView.swift */ = {isa = PBXFileReference; lastKnownFileType = sourcecode.swift; path = LoadingView.swift; sourceTree = "<group>"; };
		E0008C172BFC10840091B10F /* Image+AppetizerHub.swift */ = {isa = PBXFileReference; lastKnownFileType = sourcecode.swift; path = "Image+AppetizerHub.swift"; sourceTree = "<group>"; };
		E0008C1C2BFD189E0091B10F /* AppetizerDetailsView.swift */ = {isa = PBXFileReference; lastKnownFileType = sourcecode.swift; path = AppetizerDetailsView.swift; sourceTree = "<group>"; };
		E0008C1F2BFD29A90091B10F /* NutritionStatStack.swift */ = {isa = PBXFileReference; lastKnownFileType = sourcecode.swift; path = NutritionStatStack.swift; sourceTree = "<group>"; };
		E0008C242BFD6F090091B10F /* XDismissButton.swift */ = {isa = PBXFileReference; lastKnownFileType = sourcecode.swift; path = XDismissButton.swift; sourceTree = "<group>"; };
		E0008C262BFD70CA0091B10F /* PrimaryButtonView.swift */ = {isa = PBXFileReference; lastKnownFileType = sourcecode.swift; path = PrimaryButtonView.swift; sourceTree = "<group>"; };
		E0008C2B2C0119F70091B10F /* AccountViewModel.swift */ = {isa = PBXFileReference; lastKnownFileType = sourcecode.swift; path = AccountViewModel.swift; sourceTree = "<group>"; };
		E0008C2D2C011D920091B10F /* String+AppetizerHub.swift */ = {isa = PBXFileReference; lastKnownFileType = sourcecode.swift; path = "String+AppetizerHub.swift"; sourceTree = "<group>"; };
		E0008C312C024B790091B10F /* APSuccess.swift */ = {isa = PBXFileReference; lastKnownFileType = sourcecode.swift; path = APSuccess.swift; sourceTree = "<group>"; };
		E0008C332C024D4F0091B10F /* User.swift */ = {isa = PBXFileReference; lastKnownFileType = sourcecode.swift; path = User.swift; sourceTree = "<group>"; };
		E0008C372C03727A0091B10F /* OrderViewModel.swift */ = {isa = PBXFileReference; lastKnownFileType = sourcecode.swift; path = OrderViewModel.swift; sourceTree = "<group>"; };
		E0008C392C0385E70091B10F /* EmptyStateView.swift */ = {isa = PBXFileReference; lastKnownFileType = sourcecode.swift; path = EmptyStateView.swift; sourceTree = "<group>"; };
		E064D8802BF7E3A900438211 /* AppetizerHub.app */ = {isa = PBXFileReference; explicitFileType = wrapper.application; includeInIndex = 0; path = AppetizerHub.app; sourceTree = BUILT_PRODUCTS_DIR; };
		E064D8832BF7E3A900438211 /* AppetizerHubApp.swift */ = {isa = PBXFileReference; lastKnownFileType = sourcecode.swift; path = AppetizerHubApp.swift; sourceTree = "<group>"; };
		E064D8852BF7E3A900438211 /* AppetizerTabView.swift */ = {isa = PBXFileReference; lastKnownFileType = sourcecode.swift; path = AppetizerTabView.swift; sourceTree = "<group>"; };
		E064D8872BF7E3AB00438211 /* Assets.xcassets */ = {isa = PBXFileReference; lastKnownFileType = folder.assetcatalog; path = Assets.xcassets; sourceTree = "<group>"; };
		E064D88A2BF7E3AB00438211 /* Preview Assets.xcassets */ = {isa = PBXFileReference; lastKnownFileType = folder.assetcatalog; path = "Preview Assets.xcassets"; sourceTree = "<group>"; };
		E064D8912BF7E4A300438211 /* AppetizerListView.swift */ = {isa = PBXFileReference; lastKnownFileType = sourcecode.swift; path = AppetizerListView.swift; sourceTree = "<group>"; };
		E064D8932BF7E4AA00438211 /* AccountView.swift */ = {isa = PBXFileReference; lastKnownFileType = sourcecode.swift; path = AccountView.swift; sourceTree = "<group>"; };
		E064D8952BF7E4B900438211 /* OrderView.swift */ = {isa = PBXFileReference; lastKnownFileType = sourcecode.swift; path = OrderView.swift; sourceTree = "<group>"; };
		E064D8A22BF7EDB000438211 /* Appetizer.swift */ = {isa = PBXFileReference; lastKnownFileType = sourcecode.swift; path = Appetizer.swift; sourceTree = "<group>"; };
		E064D8A42BF7EF2B00438211 /* AppetizerResponse.swift */ = {isa = PBXFileReference; lastKnownFileType = sourcecode.swift; path = AppetizerResponse.swift; sourceTree = "<group>"; };
		E064D8A62BF7EFA400438211 /* MockData.swift */ = {isa = PBXFileReference; lastKnownFileType = sourcecode.swift; path = MockData.swift; sourceTree = "<group>"; };
/* End PBXFileReference section */

/* Begin PBXFrameworksBuildPhase section */
		E064D87D2BF7E3A900438211 /* Frameworks */ = {
			isa = PBXFrameworksBuildPhase;
			buildActionMask = 2147483647;
			files = (
			);
			runOnlyForDeploymentPostprocessing = 0;
		};
/* End PBXFrameworksBuildPhase section */

/* Begin PBXGroup section */
		E0008C0B2BFA38330091B10F /* View */ = {
			isa = PBXGroup;
			children = (
				E0008C1C2BFD189E0091B10F /* AppetizerDetailsView.swift */,
				E064D8912BF7E4A300438211 /* AppetizerListView.swift */,
				E0008C1E2BFD29770091B10F /* Components */,
			);
			path = View;
			sourceTree = "<group>";
		};
		E0008C0C2BFA38390091B10F /* ViewModel */ = {
			isa = PBXGroup;
			children = (
				E0008C0D2BFA385A0091B10F /* AppetizerListViewModel.swift */,
			);
			path = ViewModel;
			sourceTree = "<group>";
		};
		E0008C1E2BFD29770091B10F /* Components */ = {
			isa = PBXGroup;
			children = (
				E0008C242BFD6F090091B10F /* XDismissButton.swift */,
				E0008C1F2BFD29A90091B10F /* NutritionStatStack.swift */,
			);
			path = Components;
			sourceTree = "<group>";
		};
		E0008C282C0119D70091B10F /* ViewModel */ = {
			isa = PBXGroup;
			children = (
				E0008C2B2C0119F70091B10F /* AccountViewModel.swift */,
			);
			path = ViewModel;
			sourceTree = "<group>";
		};
		E0008C2A2C0119E10091B10F /* View */ = {
			isa = PBXGroup;
			children = (
				E064D8932BF7E4AA00438211 /* AccountView.swift */,
			);
			path = View;
			sourceTree = "<group>";
		};
		E0008C352C0372560091B10F /* ViewModel */ = {
			isa = PBXGroup;
			children = (
				E0008C372C03727A0091B10F /* OrderViewModel.swift */,
			);
			path = ViewModel;
			sourceTree = "<group>";
		};
		E0008C362C03725F0091B10F /* View */ = {
			isa = PBXGroup;
			children = (
				E064D8952BF7E4B900438211 /* OrderView.swift */,
			);
			path = View;
			sourceTree = "<group>";
		};
		E0008C3B2C0389C00091B10F /* EmptyState */ = {
			isa = PBXGroup;
			children = (
				E0008C392C0385E70091B10F /* EmptyStateView.swift */,
			);
			path = EmptyState;
			sourceTree = "<group>";
		};
		E064D8772BF7E3A900438211 = {
			isa = PBXGroup;
			children = (
				E064D8822BF7E3A900438211 /* AppetizerHub */,
				E064D8812BF7E3A900438211 /* Products */,
			);
			sourceTree = "<group>";
		};
		E064D8812BF7E3A900438211 /* Products */ = {
			isa = PBXGroup;
			children = (
				E064D8802BF7E3A900438211 /* AppetizerHub.app */,
			);
			name = Products;
			sourceTree = "<group>";
		};
		E064D8822BF7E3A900438211 /* AppetizerHub */ = {
			isa = PBXGroup;
			children = (
				E064D89D2BF7EBD900438211 /* App */,
				E064D89C2BF7EBD100438211 /* Components */,
				E064D89B2BF7EBBA00438211 /* Core */,
				E064D89A2BF7EBB300438211 /* Extensions */,
				E064D8992BF7EBAF00438211 /* Models */,
				E064D8982BF7EBA800438211 /* Services */,
				E064D8972BF7EBA500438211 /* Utils */,
				E064D8872BF7E3AB00438211 /* Assets.xcassets */,
				E064D8892BF7E3AB00438211 /* Preview Content */,
			);
			path = AppetizerHub;
			sourceTree = "<group>";
		};
		E064D8892BF7E3AB00438211 /* Preview Content */ = {
			isa = PBXGroup;
			children = (
				E064D88A2BF7E3AB00438211 /* Preview Assets.xcassets */,
			);
			path = "Preview Content";
			sourceTree = "<group>";
		};
		E064D8972BF7EBA500438211 /* Utils */ = {
			isa = PBXGroup;
			children = (
				E064D8A62BF7EFA400438211 /* MockData.swift */,
			);
			path = Utils;
			sourceTree = "<group>";
		};
		E064D8982BF7EBA800438211 /* Services */ = {
			isa = PBXGroup;
			children = (
				E0008C072BF942FA0091B10F /* NetworkManager.swift */,
			);
			path = Services;
			sourceTree = "<group>";
		};
		E064D8992BF7EBAF00438211 /* Models */ = {
			isa = PBXGroup;
			children = (
				E0008C112BFBCE920091B10F /* APAlert.swift */,
				E0008C092BF9440F0091B10F /* APError.swift */,
				E064D8A22BF7EDB000438211 /* Appetizer.swift */,
				E064D8A42BF7EF2B00438211 /* AppetizerResponse.swift */,
				E0008C312C024B790091B10F /* APSuccess.swift */,
				E0008C332C024D4F0091B10F /* User.swift */,
			);
			path = Models;
			sourceTree = "<group>";
		};
		E064D89A2BF7EBB300438211 /* Extensions */ = {
			isa = PBXGroup;
			children = (
				E0008C052BF8D2590091B10F /* Double+AppetizerHub.swift */,
				E0008C172BFC10840091B10F /* Image+AppetizerHub.swift */,
				E0008C2D2C011D920091B10F /* String+AppetizerHub.swift */,
			);
			path = Extensions;
			sourceTree = "<group>";
		};
		E064D89B2BF7EBBA00438211 /* Core */ = {
			isa = PBXGroup;
			children = (
				E0008C3B2C0389C00091B10F /* EmptyState */,
				E064D8A12BF7EC3500438211 /* Account */,
				E064D8A02BF7EC2300438211 /* AppetizerList */,
				E064D89F2BF7EC1600438211 /* AppetizerTab */,
				E064D89E2BF7EC0700438211 /* Order */,
			);
			path = Core;
			sourceTree = "<group>";
		};
		E064D89C2BF7EBD100438211 /* Components */ = {
			isa = PBXGroup;
			children = (
				E0008C032BF8CFF90091B10F /* AppetizerListCell.swift */,
				E0008C132BFC05090091B10F /* LoadingView.swift */,
				E0008C262BFD70CA0091B10F /* PrimaryButtonView.swift */,
			);
			path = Components;
			sourceTree = "<group>";
		};
		E064D89D2BF7EBD900438211 /* App */ = {
			isa = PBXGroup;
			children = (
				E064D8832BF7E3A900438211 /* AppetizerHubApp.swift */,
			);
			path = App;
			sourceTree = "<group>";
		};
		E064D89E2BF7EC0700438211 /* Order */ = {
			isa = PBXGroup;
			children = (
				E0008C362C03725F0091B10F /* View */,
				E0008C352C0372560091B10F /* ViewModel */,
			);
			path = Order;
			sourceTree = "<group>";
		};
		E064D89F2BF7EC1600438211 /* AppetizerTab */ = {
			isa = PBXGroup;
			children = (
				E064D8852BF7E3A900438211 /* AppetizerTabView.swift */,
			);
			path = AppetizerTab;
			sourceTree = "<group>";
		};
		E064D8A02BF7EC2300438211 /* AppetizerList */ = {
			isa = PBXGroup;
			children = (
				E0008C0B2BFA38330091B10F /* View */,
				E0008C0C2BFA38390091B10F /* ViewModel */,
			);
			path = AppetizerList;
			sourceTree = "<group>";
		};
		E064D8A12BF7EC3500438211 /* Account */ = {
			isa = PBXGroup;
			children = (
				E0008C2A2C0119E10091B10F /* View */,
				E0008C282C0119D70091B10F /* ViewModel */,
			);
			path = Account;
			sourceTree = "<group>";
		};
/* End PBXGroup section */

/* Begin PBXNativeTarget section */
		E064D87F2BF7E3A900438211 /* AppetizerHub */ = {
			isa = PBXNativeTarget;
			buildConfigurationList = E064D88E2BF7E3AB00438211 /* Build configuration list for PBXNativeTarget "AppetizerHub" */;
			buildPhases = (
				E064D87C2BF7E3A900438211 /* Sources */,
				E064D87D2BF7E3A900438211 /* Frameworks */,
				E064D87E2BF7E3A900438211 /* Resources */,
			);
			buildRules = (
			);
			dependencies = (
			);
			name = AppetizerHub;
			productName = AppetizerHub;
			productReference = E064D8802BF7E3A900438211 /* AppetizerHub.app */;
			productType = "com.apple.product-type.application";
		};
/* End PBXNativeTarget section */

/* Begin PBXProject section */
		E064D8782BF7E3A900438211 /* Project object */ = {
			isa = PBXProject;
			attributes = {
				BuildIndependentTargetsInParallel = 1;
				LastSwiftUpdateCheck = 1500;
				LastUpgradeCheck = 1500;
				TargetAttributes = {
					E064D87F2BF7E3A900438211 = {
						CreatedOnToolsVersion = 15.0.1;
					};
				};
			};
			buildConfigurationList = E064D87B2BF7E3A900438211 /* Build configuration list for PBXProject "AppetizerHub" */;
			compatibilityVersion = "Xcode 14.0";
			developmentRegion = en;
			hasScannedForEncodings = 0;
			knownRegions = (
				en,
				Base,
			);
			mainGroup = E064D8772BF7E3A900438211;
			productRefGroup = E064D8812BF7E3A900438211 /* Products */;
			projectDirPath = "";
			projectRoot = "";
			targets = (
				E064D87F2BF7E3A900438211 /* AppetizerHub */,
			);
		};
/* End PBXProject section */

/* Begin PBXResourcesBuildPhase section */
		E064D87E2BF7E3A900438211 /* Resources */ = {
			isa = PBXResourcesBuildPhase;
			buildActionMask = 2147483647;
			files = (
				E064D88B2BF7E3AB00438211 /* Preview Assets.xcassets in Resources */,
				E064D8882BF7E3AB00438211 /* Assets.xcassets in Resources */,
			);
			runOnlyForDeploymentPostprocessing = 0;
		};
/* End PBXResourcesBuildPhase section */

/* Begin PBXSourcesBuildPhase section */
		E064D87C2BF7E3A900438211 /* Sources */ = {
			isa = PBXSourcesBuildPhase;
			buildActionMask = 2147483647;
			files = (
				E0008C322C024B790091B10F /* APSuccess.swift in Sources */,
				E064D8A32BF7EDB000438211 /* Appetizer.swift in Sources */,
				E0008C2C2C0119F70091B10F /* AccountViewModel.swift in Sources */,
				E0008C0E2BFA385A0091B10F /* AppetizerListViewModel.swift in Sources */,
				E0008C272BFD70CA0091B10F /* PrimaryButtonView.swift in Sources */,
				E0008C062BF8D2590091B10F /* Double+AppetizerHub.swift in Sources */,
				E0008C122BFBCE920091B10F /* APAlert.swift in Sources */,
				E064D8942BF7E4AA00438211 /* AccountView.swift in Sources */,
				E064D8862BF7E3A900438211 /* AppetizerTabView.swift in Sources */,
				E0008C082BF942FA0091B10F /* NetworkManager.swift in Sources */,
				E064D8842BF7E3A900438211 /* AppetizerHubApp.swift in Sources */,
				E0008C1D2BFD189E0091B10F /* AppetizerDetailsView.swift in Sources */,
				E0008C382C03727A0091B10F /* OrderViewModel.swift in Sources */,
				E0008C182BFC10840091B10F /* Image+AppetizerHub.swift in Sources */,
				E064D8922BF7E4A300438211 /* AppetizerListView.swift in Sources */,
				E0008C252BFD6F090091B10F /* XDismissButton.swift in Sources */,
				E0008C0A2BF9440F0091B10F /* APError.swift in Sources */,
				E064D8A72BF7EFA400438211 /* MockData.swift in Sources */,
				E0008C3A2C0385E70091B10F /* EmptyStateView.swift in Sources */,
				E0008C202BFD29A90091B10F /* NutritionStatStack.swift in Sources */,
				E0008C042BF8CFF90091B10F /* AppetizerListCell.swift in Sources */,
				E064D8962BF7E4B900438211 /* OrderView.swift in Sources */,
				E0008C342C024D4F0091B10F /* User.swift in Sources */,
				E0008C2E2C011D920091B10F /* String+AppetizerHub.swift in Sources */,
				E0008C142BFC05090091B10F /* LoadingView.swift in Sources */,
				E064D8A52BF7EF2B00438211 /* AppetizerResponse.swift in Sources */,
			);
			runOnlyForDeploymentPostprocessing = 0;
		};
/* End PBXSourcesBuildPhase section */

/* Begin XCBuildConfiguration section */
		E064D88C2BF7E3AB00438211 /* Debug */ = {
			isa = XCBuildConfiguration;
			buildSettings = {
				ALWAYS_SEARCH_USER_PATHS = NO;
				ASSETCATALOG_COMPILER_GENERATE_SWIFT_ASSET_SYMBOL_EXTENSIONS = YES;
				CLANG_ANALYZER_NONNULL = YES;
				CLANG_ANALYZER_NUMBER_OBJECT_CONVERSION = YES_AGGRESSIVE;
				CLANG_CXX_LANGUAGE_STANDARD = "gnu++20";
				CLANG_ENABLE_MODULES = YES;
				CLANG_ENABLE_OBJC_ARC = YES;
				CLANG_ENABLE_OBJC_WEAK = YES;
				CLANG_WARN_BLOCK_CAPTURE_AUTORELEASING = YES;
				CLANG_WARN_BOOL_CONVERSION = YES;
				CLANG_WARN_COMMA = YES;
				CLANG_WARN_CONSTANT_CONVERSION = YES;
				CLANG_WARN_DEPRECATED_OBJC_IMPLEMENTATIONS = YES;
				CLANG_WARN_DIRECT_OBJC_ISA_USAGE = YES_ERROR;
				CLANG_WARN_DOCUMENTATION_COMMENTS = YES;
				CLANG_WARN_EMPTY_BODY = YES;
				CLANG_WARN_ENUM_CONVERSION = YES;
				CLANG_WARN_INFINITE_RECURSION = YES;
				CLANG_WARN_INT_CONVERSION = YES;
				CLANG_WARN_NON_LITERAL_NULL_CONVERSION = YES;
				CLANG_WARN_OBJC_IMPLICIT_RETAIN_SELF = YES;
				CLANG_WARN_OBJC_LITERAL_CONVERSION = YES;
				CLANG_WARN_OBJC_ROOT_CLASS = YES_ERROR;
				CLANG_WARN_QUOTED_INCLUDE_IN_FRAMEWORK_HEADER = YES;
				CLANG_WARN_RANGE_LOOP_ANALYSIS = YES;
				CLANG_WARN_STRICT_PROTOTYPES = YES;
				CLANG_WARN_SUSPICIOUS_MOVE = YES;
				CLANG_WARN_UNGUARDED_AVAILABILITY = YES_AGGRESSIVE;
				CLANG_WARN_UNREACHABLE_CODE = YES;
				CLANG_WARN__DUPLICATE_METHOD_MATCH = YES;
				COPY_PHASE_STRIP = NO;
				DEBUG_INFORMATION_FORMAT = dwarf;
				ENABLE_STRICT_OBJC_MSGSEND = YES;
				ENABLE_TESTABILITY = YES;
				ENABLE_USER_SCRIPT_SANDBOXING = YES;
				GCC_C_LANGUAGE_STANDARD = gnu17;
				GCC_DYNAMIC_NO_PIC = NO;
				GCC_NO_COMMON_BLOCKS = YES;
				GCC_OPTIMIZATION_LEVEL = 0;
				GCC_PREPROCESSOR_DEFINITIONS = (
					"DEBUG=1",
					"$(inherited)",
				);
				GCC_WARN_64_TO_32_BIT_CONVERSION = YES;
				GCC_WARN_ABOUT_RETURN_TYPE = YES_ERROR;
				GCC_WARN_UNDECLARED_SELECTOR = YES;
				GCC_WARN_UNINITIALIZED_AUTOS = YES_AGGRESSIVE;
				GCC_WARN_UNUSED_FUNCTION = YES;
				GCC_WARN_UNUSED_VARIABLE = YES;
				IPHONEOS_DEPLOYMENT_TARGET = 17.0;
				LOCALIZATION_PREFERS_STRING_CATALOGS = YES;
				MTL_ENABLE_DEBUG_INFO = INCLUDE_SOURCE;
				MTL_FAST_MATH = YES;
				ONLY_ACTIVE_ARCH = YES;
				SDKROOT = iphoneos;
				SWIFT_ACTIVE_COMPILATION_CONDITIONS = "DEBUG $(inherited)";
				SWIFT_OPTIMIZATION_LEVEL = "-Onone";
			};
			name = Debug;
		};
		E064D88D2BF7E3AB00438211 /* Release */ = {
			isa = XCBuildConfiguration;
			buildSettings = {
				ALWAYS_SEARCH_USER_PATHS = NO;
				ASSETCATALOG_COMPILER_GENERATE_SWIFT_ASSET_SYMBOL_EXTENSIONS = YES;
				CLANG_ANALYZER_NONNULL = YES;
				CLANG_ANALYZER_NUMBER_OBJECT_CONVERSION = YES_AGGRESSIVE;
				CLANG_CXX_LANGUAGE_STANDARD = "gnu++20";
				CLANG_ENABLE_MODULES = YES;
				CLANG_ENABLE_OBJC_ARC = YES;
				CLANG_ENABLE_OBJC_WEAK = YES;
				CLANG_WARN_BLOCK_CAPTURE_AUTORELEASING = YES;
				CLANG_WARN_BOOL_CONVERSION = YES;
				CLANG_WARN_COMMA = YES;
				CLANG_WARN_CONSTANT_CONVERSION = YES;
				CLANG_WARN_DEPRECATED_OBJC_IMPLEMENTATIONS = YES;
				CLANG_WARN_DIRECT_OBJC_ISA_USAGE = YES_ERROR;
				CLANG_WARN_DOCUMENTATION_COMMENTS = YES;
				CLANG_WARN_EMPTY_BODY = YES;
				CLANG_WARN_ENUM_CONVERSION = YES;
				CLANG_WARN_INFINITE_RECURSION = YES;
				CLANG_WARN_INT_CONVERSION = YES;
				CLANG_WARN_NON_LITERAL_NULL_CONVERSION = YES;
				CLANG_WARN_OBJC_IMPLICIT_RETAIN_SELF = YES;
				CLANG_WARN_OBJC_LITERAL_CONVERSION = YES;
				CLANG_WARN_OBJC_ROOT_CLASS = YES_ERROR;
				CLANG_WARN_QUOTED_INCLUDE_IN_FRAMEWORK_HEADER = YES;
				CLANG_WARN_RANGE_LOOP_ANALYSIS = YES;
				CLANG_WARN_STRICT_PROTOTYPES = YES;
				CLANG_WARN_SUSPICIOUS_MOVE = YES;
				CLANG_WARN_UNGUARDED_AVAILABILITY = YES_AGGRESSIVE;
				CLANG_WARN_UNREACHABLE_CODE = YES;
				CLANG_WARN__DUPLICATE_METHOD_MATCH = YES;
				COPY_PHASE_STRIP = NO;
				DEBUG_INFORMATION_FORMAT = "dwarf-with-dsym";
				ENABLE_NS_ASSERTIONS = NO;
				ENABLE_STRICT_OBJC_MSGSEND = YES;
				ENABLE_USER_SCRIPT_SANDBOXING = YES;
				GCC_C_LANGUAGE_STANDARD = gnu17;
				GCC_NO_COMMON_BLOCKS = YES;
				GCC_WARN_64_TO_32_BIT_CONVERSION = YES;
				GCC_WARN_ABOUT_RETURN_TYPE = YES_ERROR;
				GCC_WARN_UNDECLARED_SELECTOR = YES;
				GCC_WARN_UNINITIALIZED_AUTOS = YES_AGGRESSIVE;
				GCC_WARN_UNUSED_FUNCTION = YES;
				GCC_WARN_UNUSED_VARIABLE = YES;
				IPHONEOS_DEPLOYMENT_TARGET = 17.0;
				LOCALIZATION_PREFERS_STRING_CATALOGS = YES;
				MTL_ENABLE_DEBUG_INFO = NO;
				MTL_FAST_MATH = YES;
				SDKROOT = iphoneos;
				SWIFT_COMPILATION_MODE = wholemodule;
				VALIDATE_PRODUCT = YES;
			};
			name = Release;
		};
		E064D88F2BF7E3AB00438211 /* Debug */ = {
			isa = XCBuildConfiguration;
			buildSettings = {
				ASSETCATALOG_COMPILER_APPICON_NAME = AppIcon;
				ASSETCATALOG_COMPILER_GLOBAL_ACCENT_COLOR_NAME = AccentColor;
				CODE_SIGN_STYLE = Automatic;
				CURRENT_PROJECT_VERSION = 1;
				DEVELOPMENT_ASSET_PATHS = "\"AppetizerHub/Preview Content\"";
				DEVELOPMENT_TEAM = 4Y6FH4D2V4;
				ENABLE_PREVIEWS = YES;
				GENERATE_INFOPLIST_FILE = YES;
				INFOPLIST_KEY_UIApplicationSceneManifest_Generation = YES;
				INFOPLIST_KEY_UIApplicationSupportsIndirectInputEvents = YES;
				INFOPLIST_KEY_UILaunchScreen_Generation = YES;
				INFOPLIST_KEY_UISupportedInterfaceOrientations_iPad = "UIInterfaceOrientationPortrait UIInterfaceOrientationPortraitUpsideDown UIInterfaceOrientationLandscapeLeft UIInterfaceOrientationLandscapeRight";
				INFOPLIST_KEY_UISupportedInterfaceOrientations_iPhone = "UIInterfaceOrientationPortrait UIInterfaceOrientationLandscapeLeft UIInterfaceOrientationLandscapeRight";
				IPHONEOS_DEPLOYMENT_TARGET = 17.0;
				LD_RUNPATH_SEARCH_PATHS = (
					"$(inherited)",
					"@executable_path/Frameworks",
				);
				MARKETING_VERSION = 1.0;
				PRODUCT_BUNDLE_IDENTIFIER = com.sweeney.AppetizerHub;
				PRODUCT_NAME = "$(TARGET_NAME)";
				SWIFT_EMIT_LOC_STRINGS = YES;
				SWIFT_VERSION = 5.0;
				TARGETED_DEVICE_FAMILY = "1,2";
			};
			name = Debug;
		};
		E064D8902BF7E3AB00438211 /* Release */ = {
			isa = XCBuildConfiguration;
			buildSettings = {
				ASSETCATALOG_COMPILER_APPICON_NAME = AppIcon;
				ASSETCATALOG_COMPILER_GLOBAL_ACCENT_COLOR_NAME = AccentColor;
				CODE_SIGN_STYLE = Automatic;
				CURRENT_PROJECT_VERSION = 1;
				DEVELOPMENT_ASSET_PATHS = "\"AppetizerHub/Preview Content\"";
				DEVELOPMENT_TEAM = 4Y6FH4D2V4;
				ENABLE_PREVIEWS = YES;
				GENERATE_INFOPLIST_FILE = YES;
				INFOPLIST_KEY_UIApplicationSceneManifest_Generation = YES;
				INFOPLIST_KEY_UIApplicationSupportsIndirectInputEvents = YES;
				INFOPLIST_KEY_UILaunchScreen_Generation = YES;
				INFOPLIST_KEY_UISupportedInterfaceOrientations_iPad = "UIInterfaceOrientationPortrait UIInterfaceOrientationPortraitUpsideDown UIInterfaceOrientationLandscapeLeft UIInterfaceOrientationLandscapeRight";
				INFOPLIST_KEY_UISupportedInterfaceOrientations_iPhone = "UIInterfaceOrientationPortrait UIInterfaceOrientationLandscapeLeft UIInterfaceOrientationLandscapeRight";
				IPHONEOS_DEPLOYMENT_TARGET = 17.0;
				LD_RUNPATH_SEARCH_PATHS = (
					"$(inherited)",
					"@executable_path/Frameworks",
				);
				MARKETING_VERSION = 1.0;
				PRODUCT_BUNDLE_IDENTIFIER = com.sweeney.AppetizerHub;
				PRODUCT_NAME = "$(TARGET_NAME)";
				SWIFT_EMIT_LOC_STRINGS = YES;
				SWIFT_VERSION = 5.0;
				TARGETED_DEVICE_FAMILY = "1,2";
			};
			name = Release;
		};
/* End XCBuildConfiguration section */

/* Begin XCConfigurationList section */
		E064D87B2BF7E3A900438211 /* Build configuration list for PBXProject "AppetizerHub" */ = {
			isa = XCConfigurationList;
			buildConfigurations = (
				E064D88C2BF7E3AB00438211 /* Debug */,
				E064D88D2BF7E3AB00438211 /* Release */,
			);
			defaultConfigurationIsVisible = 0;
			defaultConfigurationName = Release;
		};
		E064D88E2BF7E3AB00438211 /* Build configuration list for PBXNativeTarget "AppetizerHub" */ = {
			isa = XCConfigurationList;
			buildConfigurations = (
				E064D88F2BF7E3AB00438211 /* Debug */,
				E064D8902BF7E3AB00438211 /* Release */,
			);
			defaultConfigurationIsVisible = 0;
			defaultConfigurationName = Release;
		};
/* End XCConfigurationList section */
	};
	rootObject = E064D8782BF7E3A900438211 /* Project object */;
}
